
Microsoft Visual Studio Solution File, Format Version 12.00
Project("{2150E333-8FDC-42A3-9474-1A3956D46DE8}") = "Core", "Core", "{8A7C4F5F-CC79-46CD-8FA1-454A9FDA0929}"
EndProject
Project("{2150E333-8FDC-42A3-9474-1A3956D46DE8}") = "Infrastructure", "Infrastructure", "{D51C678A-D67C-47DD-92BC-66F4B65FFD39}"
EndProject
Project("{2150E333-8FDC-42A3-9474-1A3956D46DE8}") = "Presentation", "Presentation", "{BBFAE4CB-F5AD-4645-8C96-37EAF523A14B}"
EndProject
Project("{FAE04EC0-301F-11D3-BF4B-00C04F79EFBC}") = "Entities", "Core\Entities\Entities.csproj", "{1B10253E-0A03-4D99-986B-7BA5C2F09B17}"
EndProject
Project("{FAE04EC0-301F-11D3-BF4B-00C04F79EFBC}") = "Services", "Core\Services\Services.csproj", "{9D9FD32C-4443-4FA5-8ABB-C418D29F0731}"
EndProject
Project("{FAE04EC0-301F-11D3-BF4B-00C04F79EFBC}") = "Migration", "Infrastructure\Migration\Migration.csproj", "{26811F52-D10B-4069-8A16-D37C43378A18}"
EndProject
Project("{FAE04EC0-301F-11D3-BF4B-00C04F79EFBC}") = "Persistence.Ef", "Infrastructure\Persistence.Ef\Persistence.Ef.csproj", "{5E777AF2-4751-462F-81CC-4E57DEE4F50E}"
EndProject
Project("{FAE04EC0-301F-11D3-BF4B-00C04F79EFBC}") = "RestApi", "Presentation\RestApi\RestApi.csproj", "{53B8E307-81FC-4DAB-B6DB-3AEEC677ACCD}"
EndProject
Global
	GlobalSection(SolutionConfigurationPlatforms) = preSolution
		Debug|Any CPU = Debug|Any CPU
		Release|Any CPU = Release|Any CPU
	EndGlobalSection
	GlobalSection(NestedProjects) = preSolution
		{1B10253E-0A03-4D99-986B-7BA5C2F09B17} = {8A7C4F5F-CC79-46CD-8FA1-454A9FDA0929}
		{9D9FD32C-4443-4FA5-8ABB-C418D29F0731} = {8A7C4F5F-CC79-46CD-8FA1-454A9FDA0929}
		{26811F52-D10B-4069-8A16-D37C43378A18} = {D51C678A-D67C-47DD-92BC-66F4B65FFD39}
		{5E777AF2-4751-462F-81CC-4E57DEE4F50E} = {D51C678A-D67C-47DD-92BC-66F4B65FFD39}
		{53B8E307-81FC-4DAB-B6DB-3AEEC677ACCD} = {BBFAE4CB-F5AD-4645-8C96-37EAF523A14B}
	EndGlobalSection
	GlobalSection(ProjectConfigurationPlatforms) = postSolution
		{1B10253E-0A03-4D99-986B-7BA5C2F09B17}.Debug|Any CPU.ActiveCfg = Debug|Any CPU
		{1B10253E-0A03-4D99-986B-7BA5C2F09B17}.Debug|Any CPU.Build.0 = Debug|Any CPU
		{1B10253E-0A03-4D99-986B-7BA5C2F09B17}.Release|Any CPU.ActiveCfg = Release|Any CPU
		{1B10253E-0A03-4D99-986B-7BA5C2F09B17}.Release|Any CPU.Build.0 = Release|Any CPU
		{9D9FD32C-4443-4FA5-8ABB-C418D29F0731}.Debug|Any CPU.ActiveCfg = Debug|Any CPU
		{9D9FD32C-4443-4FA5-8ABB-C418D29F0731}.Debug|Any CPU.Build.0 = Debug|Any CPU
		{9D9FD32C-4443-4FA5-8ABB-C418D29F0731}.Release|Any CPU.ActiveCfg = Release|Any CPU
		{9D9FD32C-4443-4FA5-8ABB-C418D29F0731}.Release|Any CPU.Build.0 = Release|Any CPU
		{26811F52-D10B-4069-8A16-D37C43378A18}.Debug|Any CPU.ActiveCfg = Debug|Any CPU
		{26811F52-D10B-4069-8A16-D37C43378A18}.Debug|Any CPU.Build.0 = Debug|Any CPU
		{26811F52-D10B-4069-8A16-D37C43378A18}.Release|Any CPU.ActiveCfg = Release|Any CPU
		{26811F52-D10B-4069-8A16-D37C43378A18}.Release|Any CPU.Build.0 = Release|Any CPU
		{5E777AF2-4751-462F-81CC-4E57DEE4F50E}.Debug|Any CPU.ActiveCfg = Debug|Any CPU
		{5E777AF2-4751-462F-81CC-4E57DEE4F50E}.Debug|Any CPU.Build.0 = Debug|Any CPU
		{5E777AF2-4751-462F-81CC-4E57DEE4F50E}.Release|Any CPU.ActiveCfg = Release|Any CPU
		{5E777AF2-4751-462F-81CC-4E57DEE4F50E}.Release|Any CPU.Build.0 = Release|Any CPU
		{53B8E307-81FC-4DAB-B6DB-3AEEC677ACCD}.Debug|Any CPU.ActiveCfg = Debug|Any CPU
		{53B8E307-81FC-4DAB-B6DB-3AEEC677ACCD}.Debug|Any CPU.Build.0 = Debug|Any CPU
		{53B8E307-81FC-4DAB-B6DB-3AEEC677ACCD}.Release|Any CPU.ActiveCfg = Release|Any CPU
		{53B8E307-81FC-4DAB-B6DB-3AEEC677ACCD}.Release|Any CPU.Build.0 = Release|Any CPU
	EndGlobalSection
EndGlobal
